
Microsoft Visual Studio Solution File, Format Version 12.00
# Visual Studio Version 17
VisualStudioVersion = 17.7.34031.279
MinimumVisualStudioVersion = 10.0.40219.1
Project("{8BC9CEB8-8B4A-11D0-8D11-00A0C91BC942}") = "dazuoye", "dazuoye.vcxproj", "{3BD77013-6389-4002-86D1-BCA6A0F6050B}"
EndProject
Global
	GlobalSection(SolutionConfigurationPlatforms) = preSolution
		Debug|x64 = Debug|x64
		Debug|x86 = Debug|x86
		Release|x64 = Release|x64
		Release|x86 = Release|x86
	EndGlobalSection
	GlobalSection(ProjectConfigurationPlatforms) = postSolution
		{3BD77013-6389-4002-86D1-BCA6A0F6050B}.Debug|x64.ActiveCfg = Debug|x64
		{3BD77013-6389-4002-86D1-BCA6A0F6050B}.Debug|x64.Build.0 = Debug|x64
		{3BD77013-6389-4002-86D1-BCA6A0F6050B}.Debug|x86.ActiveCfg = Debug|Win32
		{3BD77013-6389-4002-86D1-BCA6A0F6050B}.Debug|x86.Build.0 = Debug|Win32
		{3BD77013-6389-4002-86D1-BCA6A0F6050B}.Release|x64.ActiveCfg = Release|x64
		{3BD77013-6389-4002-86D1-BCA6A0F6050B}.Release|x64.Build.0 = Release|x64
		{3BD77013-6389-4002-86D1-BCA6A0F6050B}.Release|x86.ActiveCfg = Release|Win32
		{3BD77013-6389-4002-86D1-BCA6A0F6050B}.Release|x86.Build.0 = Release|Win32
	EndGlobalSection
	GlobalSection(SolutionProperties) = preSolution
		HideSolutionNode = FALSE
	EndGlobalSection
	GlobalSection(ExtensibilityGlobals) = postSolution
		SolutionGuid = {EDA08BBD-5F09-44AD-B53C-EF423BE1F946}
	EndGlobalSection
EndGlobal
